github.com/bufbuild/connect-go v0.4.0 h1:fIMyUYG8mXSTH+nnlOx9KmRUf3mBF0R2uKK+BQBoOHE=
github.com/google/go-cmp v0.5.8 h1:e6P7q2lk1O+qJJb4BtCQXlK8vWEO8V1ZeuEdJNOqZyg=
github.com/rs/cors v1.8.2 h1:KCooALfAYGs415Cwu5ABvv9n9509fSiG5SQJn/AQo4U=
golang.org/x/net v0.0.0-20210813160813-60bc85c4be6d h1:LO7XpTYMwTqxjLcGWPijK3vRXg1aWdlNOVOHRq45d7c=
golang.org/x/text v0.3.7 h1:olpwvP2KacW1ZWvsR7uQhoyTYvKAupfQrRGBFM352Gk=
google.golang.org/protobuf v1.28.1 h1:d0NfwRgPtno5B1Wa6L2DAG+KivqkdutMf1UhdNx175w=
